github.com/uuosio/chain v0.0.0-20210907095812-b891c14b3dec h1:M9wByFLd84o9d0MZUHfI33qFJIcyniXqCNygzehzF4M=
github.com/uuosio/chain v0.0.0-20210907095812-b891c14b3dec/go.mod h1:Ap98MHUzcpbLkm+fVldVl6UCUBJxZ+yPkat+apJtHMk=
github.com/uuosio/chain v0.1.1 h1:63Z9U4E9VBea5yQZkTEYRzOLjAWcLRKGd+dT9qk5zVQ=
github.com/uuosio/chain v0.1.1/go.mod h1:Ap98MHUzcpbLkm+fVldVl6UCUBJxZ+yPkat+apJtHMk=
github.com/uuosio/chain v0.1.2-0.20211103110251-a6eaebf6817e h1:9Mod4sgNo0m9U/UypQP/+MHIpq0SgMFVmuhZ3/iPBbg=
github.com/uuosio/chain v0.1.2-0.20211103110251-a6eaebf6817e/go.mod h1:Ap98MHUzcpbLkm+fVldVl6UCUBJxZ+yPkat+apJtHMk=
